{
  "name": "voice-ai-detection-backend",
  "version": "1.0.0",
  "lockfileVersion": 3,
  "requires": true,
  "packages": {
    "": {
      "name": "voice-ai-detection-backend",
      "version": "1.0.0",
      "dependencies": {
        "@ennuicastr/webrtcvad.js": "0.1.1"
      }
    },
    "node_modules/@ennuicastr/webrtcvad.js": {
      "version": "0.1.1",
      "resolved": "https://registry.npmjs.org/@ennuicastr/webrtcvad.js/-/webrtcvad.js-0.1.1.tgz",
      "integrity": "sha512-tco02pf06oSrcktpcypZW8wLLRNz3B7FUpV2KUXtPdAg62Sj+7Qoo1l+ZnOMF6TorCoiBrnx+habfpvO4yzH4Q==",
      "license": "BSD-3-Clause"
    }
  }
}
